{
  "version": 4,
  "terraform_version": "1.0.9",
  "serial": 92,
  "lineage": "9c644b04-779b-1724-7385-0fbb3df67807",
  "outputs": {
    "aws_elb": {
      "value": "http://lb-LaKukaracha-2143034146.us-east-1.elb.amazonaws.com",
      "type": "string"
    },
    "aws_instance": {
      "value": "web02 = ssh ubuntu@ec2-52-91-214-113.compute-1.amazonaws.com",
      "type": "string"
    },
    "public_dns": {
      "value": "web01 = ssh ubuntu@ec2-34-238-235-209.compute-1.amazonaws.com",
      "type": "string"
    }
  },
  "resources": [
    {
      "mode": "managed",
      "type": "aws_elb",
      "name": "lb-LaKukaracha",
      "provider": "provider[\"registry.terraform.io/hashicorp/aws\"]",
      "instances": [
        {
          "schema_version": 0,
          "attributes": {
            "access_logs": [],
            "arn": "arn:aws:elasticloadbalancing:us-east-1:460847286220:loadbalancer/lb-LaKukaracha",
            "availability_zones": [
              "us-east-1a",
              "us-east-1b",
              "us-east-1c",
              "us-east-1d",
              "us-east-1e",
              "us-east-1f"
            ],
            "connection_draining": false,
            "connection_draining_timeout": 300,
            "cross_zone_load_balancing": true,
            "dns_name": "lb-LaKukaracha-2143034146.us-east-1.elb.amazonaws.com",
            "health_check": [
              {
                "healthy_threshold": 5,
                "interval": 10,
                "target": "TCP:80",
                "timeout": 5,
                "unhealthy_threshold": 2
              }
            ],
            "id": "lb-LaKukaracha",
            "idle_timeout": 60,
            "instances": [
              "i-0031d9e0ae04bb1ea",
              "i-05ce792e543121fdf"
            ],
            "internal": false,
            "listener": [
              {
                "instance_port": 22,
                "instance_protocol": "tcp",
                "lb_port": 22,
                "lb_protocol": "tcp",
                "ssl_certificate_id": ""
              },
              {
                "instance_port": 80,
                "instance_protocol": "http",
                "lb_port": 80,
                "lb_protocol": "http",
                "ssl_certificate_id": ""
              }
            ],
            "name": "lb-LaKukaracha",
            "name_prefix": null,
            "security_groups": [
              "sg-03a6467faf16552e1"
            ],
            "source_security_group": "460847286220/sec-grp-devops",
            "source_security_group_id": "sg-03a6467faf16552e1",
            "subnets": [
              "subnet-383dd939",
              "subnet-4d94bd6c",
              "subnet-5799ef66",
              "subnet-77193b11",
              "subnet-7b123d24",
              "subnet-9a1fedd6"
            ],
            "tags": {},
            "tags_all": {},
            "zone_id": "Z35SXDOTRQ7X7K"
          },
          "sensitive_attributes": [],
          "private": "bnVsbA==",
          "dependencies": [
            "aws_instance.terraform-web01",
            "aws_instance.terraform-web02",
            "aws_security_group.sec-grp-devops"
          ]
        }
      ]
    },
    {
      "mode": "managed",
      "type": "aws_instance",
      "name": "terraform-web01",
      "provider": "provider[\"registry.terraform.io/hashicorp/aws\"]",
      "instances": [
        {
          "schema_version": 1,
          "attributes": {
            "ami": "ami-0747bdcabd34c712a",
            "arn": "arn:aws:ec2:us-east-1:460847286220:instance/i-0031d9e0ae04bb1ea",
            "associate_public_ip_address": true,
            "availability_zone": "us-east-1d",
            "capacity_reservation_specification": [
              {
                "capacity_reservation_preference": "open",
                "capacity_reservation_target": []
              }
            ],
            "cpu_core_count": 1,
            "cpu_threads_per_core": 1,
            "credit_specification": [
              {
                "cpu_credits": "standard"
              }
            ],
            "disable_api_termination": false,
            "ebs_block_device": [],
            "ebs_optimized": false,
            "enclave_options": [
              {
                "enabled": false
              }
            ],
            "ephemeral_block_device": [],
            "get_password_data": false,
            "hibernation": false,
            "host_id": null,
            "iam_instance_profile": "",
            "id": "i-0031d9e0ae04bb1ea",
            "instance_initiated_shutdown_behavior": "stop",
            "instance_state": "running",
            "instance_type": "t2.micro",
            "ipv6_address_count": 0,
            "ipv6_addresses": [],
            "key_name": "alegria-lap",
            "launch_template": [],
            "metadata_options": [
              {
                "http_endpoint": "enabled",
                "http_put_response_hop_limit": 1,
                "http_tokens": "optional"
              }
            ],
            "monitoring": false,
            "network_interface": [],
            "outpost_arn": "",
            "password_data": "",
            "placement_group": "",
            "placement_partition_number": null,
            "primary_network_interface_id": "eni-0886d0ce47e198b3f",
            "private_dns": "ip-172-31-95-24.ec2.internal",
            "private_ip": "172.31.95.24",
            "public_dns": "ec2-34-238-235-209.compute-1.amazonaws.com",
            "public_ip": "34.238.235.209",
            "root_block_device": [
              {
                "delete_on_termination": true,
                "device_name": "/dev/sda1",
                "encrypted": false,
                "iops": 100,
                "kms_key_id": "",
                "tags": {},
                "throughput": 0,
                "volume_id": "vol-0d4717dbaab0b88b3",
                "volume_size": 8,
                "volume_type": "gp2"
              }
            ],
            "secondary_private_ips": [],
            "security_groups": [
              "sec-grp-devops"
            ],
            "source_dest_check": true,
            "subnet_id": "subnet-4d94bd6c",
            "tags": {
              "Name": "terraform-web01"
            },
            "tags_all": {
              "Name": "terraform-web01"
            },
            "tenancy": "default",
            "timeouts": null,
            "user_data": null,
            "user_data_base64": null,
            "volume_tags": null,
            "vpc_security_group_ids": [
              "sg-03a6467faf16552e1"
            ]
          },
          "sensitive_attributes": [],
          "private": "eyJlMmJmYjczMC1lY2FhLTExZTYtOGY4OC0zNDM2M2JjN2M0YzAiOnsiY3JlYXRlIjo2MDAwMDAwMDAwMDAsImRlbGV0ZSI6MTIwMDAwMDAwMDAwMCwidXBkYXRlIjo2MDAwMDAwMDAwMDB9LCJzY2hlbWFfdmVyc2lvbiI6IjEifQ=="
        }
      ]
    },
    {
      "mode": "managed",
      "type": "aws_instance",
      "name": "terraform-web02",
      "provider": "provider[\"registry.terraform.io/hashicorp/aws\"]",
      "instances": [
        {
          "schema_version": 1,
          "attributes": {
            "ami": "ami-0747bdcabd34c712a",
            "arn": "arn:aws:ec2:us-east-1:460847286220:instance/i-05ce792e543121fdf",
            "associate_public_ip_address": true,
            "availability_zone": "us-east-1d",
            "capacity_reservation_specification": [
              {
                "capacity_reservation_preference": "open",
                "capacity_reservation_target": []
              }
            ],
            "cpu_core_count": 1,
            "cpu_threads_per_core": 1,
            "credit_specification": [
              {
                "cpu_credits": "standard"
              }
            ],
            "disable_api_termination": false,
            "ebs_block_device": [],
            "ebs_optimized": false,
            "enclave_options": [
              {
                "enabled": false
              }
            ],
            "ephemeral_block_device": [],
            "get_password_data": false,
            "hibernation": false,
            "host_id": null,
            "iam_instance_profile": "",
            "id": "i-05ce792e543121fdf",
            "instance_initiated_shutdown_behavior": "stop",
            "instance_state": "running",
            "instance_type": "t2.micro",
            "ipv6_address_count": 0,
            "ipv6_addresses": [],
            "key_name": "alegria-lap",
            "launch_template": [],
            "metadata_options": [
              {
                "http_endpoint": "enabled",
                "http_put_response_hop_limit": 1,
                "http_tokens": "optional"
              }
            ],
            "monitoring": false,
            "network_interface": [],
            "outpost_arn": "",
            "password_data": "",
            "placement_group": "",
            "placement_partition_number": null,
            "primary_network_interface_id": "eni-068340f686aa94380",
            "private_dns": "ip-172-31-80-70.ec2.internal",
            "private_ip": "172.31.80.70",
            "public_dns": "ec2-52-91-214-113.compute-1.amazonaws.com",
            "public_ip": "52.91.214.113",
            "root_block_device": [
              {
                "delete_on_termination": true,
                "device_name": "/dev/sda1",
                "encrypted": false,
                "iops": 100,
                "kms_key_id": "",
                "tags": {},
                "throughput": 0,
                "volume_id": "vol-0046bf1321b2f434c",
                "volume_size": 8,
                "volume_type": "gp2"
              }
            ],
            "secondary_private_ips": [],
            "security_groups": [
              "sec-grp-devops"
            ],
            "source_dest_check": true,
            "subnet_id": "subnet-4d94bd6c",
            "tags": {
              "Name": "terraform-web02"
            },
            "tags_all": {
              "Name": "terraform-web02"
            },
            "tenancy": "default",
            "timeouts": null,
            "user_data": null,
            "user_data_base64": null,
            "volume_tags": null,
            "vpc_security_group_ids": [
              "sg-03a6467faf16552e1"
            ]
          },
          "sensitive_attributes": [],
          "private": "eyJlMmJmYjczMC1lY2FhLTExZTYtOGY4OC0zNDM2M2JjN2M0YzAiOnsiY3JlYXRlIjo2MDAwMDAwMDAwMDAsImRlbGV0ZSI6MTIwMDAwMDAwMDAwMCwidXBkYXRlIjo2MDAwMDAwMDAwMDB9LCJzY2hlbWFfdmVyc2lvbiI6IjEifQ=="
        }
      ]
    },
    {
      "mode": "managed",
      "type": "aws_key_pair",
      "name": "alegria-lap",
      "provider": "provider[\"registry.terraform.io/hashicorp/aws\"]",
      "instances": [
        {
          "schema_version": 1,
          "attributes": {
            "arn": "arn:aws:ec2:us-east-1:460847286220:key-pair/alegria-lap",
            "fingerprint": "f1:0a:36:9d:be:7c:11:2a:c7:0f:72:1e:fa:95:b1:fe",
            "id": "alegria-lap",
            "key_name": "alegria-lap",
            "key_name_prefix": null,
            "key_pair_id": "key-0e5880cf12ff97ce5",
            "public_key": "ssh-rsa AAAAB3NzaC1yc2EAAAADAQABAAABgQDZqAvvd4hYJqcW/Z6ScQwZFvHAeSKcKVk1RPKzg/nNk9vOt1T0YlzpkzRVLW9NG6vAs6vY2ZwDu2rBLVULSMnhBNvkkYdm7kbqZgJ/nlp6OV+LEvMpq2LVgHI4yWCxt02limGylkPsavGP9FrVW0UV1mWG8ObPQ8mfF1YhYfbh4h49q6ffsAuFAKQLoq///Ih8ikuoEJeZdFkN9NU9ofKlAxBw5D1W1yORYae8kAqXsg5AJaa/SFV/OsUsiEI6SZY2gyRePMRupoLKJS9t1AtqFao/MXa97QA0R5EJq4BUri3/+nlzMs5I/nSizUzIGnIdR1u+B36aiRtwaUfVT0BelPAVmPnaHhncdjVriJozIp4dh5KSdfqaYjZvEL28SLj9P9dEjmVQ8yy9pu69E1UCz9eApkmKB472DJrsDR/pWY5dzUwxxtsahL70J/feuRgnR892yPOwkrRGRi1U29jtTJMm/FIK8V/6TfxdzoxImgKpXpgWfLEFF7I8ux1RSEM= alegria@Alegria-Lap01",
            "tags": {},
            "tags_all": {}
          },
          "sensitive_attributes": [],
          "private": "eyJzY2hlbWFfdmVyc2lvbiI6IjEifQ=="
        }
      ]
    },
    {
      "mode": "managed",
      "type": "aws_security_group",
      "name": "sec-grp-devops",
      "provider": "provider[\"registry.terraform.io/hashicorp/aws\"]",
      "instances": [
        {
          "schema_version": 1,
          "attributes": {
            "arn": "arn:aws:ec2:us-east-1:460847286220:security-group/sg-03a6467faf16552e1",
            "description": "allow ssh and web access",
            "egress": [
              {
                "cidr_blocks": [
                  "0.0.0.0/0"
                ],
                "description": "",
                "from_port": 0,
                "ipv6_cidr_blocks": [],
                "prefix_list_ids": [],
                "protocol": "-1",
                "security_groups": [],
                "self": false,
                "to_port": 0
              }
            ],
            "id": "sg-03a6467faf16552e1",
            "ingress": [
              {
                "cidr_blocks": [
                  "0.0.0.0/0"
                ],
                "description": "",
                "from_port": 8,
                "ipv6_cidr_blocks": [],
                "prefix_list_ids": [],
                "protocol": "icmp",
                "security_groups": [],
                "self": false,
                "to_port": -1
              },
              {
                "cidr_blocks": [
                  "0.0.0.0/0"
                ],
                "description": null,
                "from_port": 22,
                "ipv6_cidr_blocks": [],
                "prefix_list_ids": [],
                "protocol": "tcp",
                "security_groups": [],
                "self": false,
                "to_port": 22
              },
              {
                "cidr_blocks": [
                  "0.0.0.0/0"
                ],
                "description": null,
                "from_port": 443,
                "ipv6_cidr_blocks": [],
                "prefix_list_ids": [],
                "protocol": "tcp",
                "security_groups": [],
                "self": false,
                "to_port": 443
              },
              {
                "cidr_blocks": [
                  "0.0.0.0/0"
                ],
                "description": null,
                "from_port": 80,
                "ipv6_cidr_blocks": [],
                "prefix_list_ids": [],
                "protocol": "tcp",
                "security_groups": [],
                "self": false,
                "to_port": 80
              }
            ],
            "name": "sec-grp-devops",
            "name_prefix": "",
            "owner_id": "460847286220",
            "revoke_rules_on_delete": false,
            "tags": {},
            "tags_all": {},
            "timeouts": null,
            "vpc_id": "vpc-39354b44"
          },
          "sensitive_attributes": [],
          "private": "eyJlMmJmYjczMC1lY2FhLTExZTYtOGY4OC0zNDM2M2JjN2M0YzAiOnsiY3JlYXRlIjo2MDAwMDAwMDAwMDAsImRlbGV0ZSI6OTAwMDAwMDAwMDAwfSwic2NoZW1hX3ZlcnNpb24iOiIxIn0="
        }
      ]
    }
  ]
}
